
Microsoft Visual Studio Solution File, Format Version 12.00
# Visual Studio Version 17
VisualStudioVersion = 17.7.34031.279
MinimumVisualStudioVersion = 10.0.40219.1
Project("{FAE04EC0-301F-11D3-BF4B-00C04F79EFBC}") = "BulkyWeb", "BulkyWeb\BulkyWeb.csproj", "{4F44797E-67EA-4181-8472-A6466F45C68F}"
EndProject
Global
	GlobalSection(SolutionConfigurationPlatforms) = preSolution
		Debug|Any CPU = Debug|Any CPU
		Release|Any CPU = Release|Any CPU
	EndGlobalSection
	GlobalSection(ProjectConfigurationPlatforms) = postSolution
		{4F44797E-67EA-4181-8472-A6466F45C68F}.Debug|Any CPU.ActiveCfg = Debug|Any CPU
		{4F44797E-67EA-4181-8472-A6466F45C68F}.Debug|Any CPU.Build.0 = Debug|Any CPU
		{4F44797E-67EA-4181-8472-A6466F45C68F}.Release|Any CPU.ActiveCfg = Release|Any CPU
		{4F44797E-67EA-4181-8472-A6466F45C68F}.Release|Any CPU.Build.0 = Release|Any CPU
	EndGlobalSection
	GlobalSection(SolutionProperties) = preSolution
		HideSolutionNode = FALSE
	EndGlobalSection
	GlobalSection(ExtensibilityGlobals) = postSolution
		SolutionGuid = {39F181C8-3A87-4E17-84A4-1A9DAE74ABE5}
	EndGlobalSection
EndGlobal
